
Microsoft Visual Studio Solution File, Format Version 12.00
# Visual Studio Version 16
VisualStudioVersion = 16.0.810.17
MinimumVisualStudioVersion = 10.0.40219.1
Project("{FAE04EC0-301F-11D3-BF4B-00C04F79EFBC}") = "TextClassification", "TextClassification.csproj", "{A3A545C7-C6EE-466F-83AF-110307545787}"
EndProject
Project("{FAE04EC0-301F-11D3-BF4B-00C04F79EFBC}") = "LibInterpreter", "LibInterpreter\LibInterpreter.csproj", "{20AEE5FF-C65B-4331-8648-9ED21F0F59C2}"
EndProject
Project("{FAE04EC0-301F-11D3-BF4B-00C04F79EFBC}") = "LibTaskApi", "LibTaskApi\LibTaskApi.csproj", "{20AEE5FF-C65B-4331-8648-9ED21F0F59C3}"
EndProject
Global
	GlobalSection(SolutionConfigurationPlatforms) = preSolution
		interpreterDebug|Any CPU = interpreterDebug|Any CPU
		interpreterRelease|Any CPU = interpreterRelease|Any CPU
		taskApiDebug|Any CPU = taskApiDebug|Any CPU
		taskApiRelease|Any CPU = taskApiRelease|Any CPU
	EndGlobalSection
	GlobalSection(ProjectConfigurationPlatforms) = postSolution
		{A3A545C7-C6EE-466F-83AF-110307545787}.interpreterDebug|Any CPU.ActiveCfg = interpreterDebug|Any CPU
		{A3A545C7-C6EE-466F-83AF-110307545787}.interpreterDebug|Any CPU.Build.0 = interpreterDebug|Any CPU
		{A3A545C7-C6EE-466F-83AF-110307545787}.interpreterRelease|Any CPU.ActiveCfg = interpreterRelease|Any CPU
		{A3A545C7-C6EE-466F-83AF-110307545787}.interpreterRelease|Any CPU.Build.0 = interpreterRelease|Any CPU
		{A3A545C7-C6EE-466F-83AF-110307545787}.taskApiDebug|Any CPU.ActiveCfg = taskApiDebug|Any CPU
		{A3A545C7-C6EE-466F-83AF-110307545787}.taskApiDebug|Any CPU.Build.0 = taskApiDebug|Any CPU
		{A3A545C7-C6EE-466F-83AF-110307545787}.taskApiRelease|Any CPU.ActiveCfg = taskApiRelease|Any CPU
		{A3A545C7-C6EE-466F-83AF-110307545787}.taskApiRelease|Any CPU.Build.0 = taskApiRelease|Any CPU
		{20AEE5FF-C65B-4331-8648-9ED21F0F59C2}.interpreterDebug|Any CPU.ActiveCfg = Debug|Any CPU
		{20AEE5FF-C65B-4331-8648-9ED21F0F59C2}.interpreterDebug|Any CPU.Build.0 = Debug|Any CPU
		{20AEE5FF-C65B-4331-8648-9ED21F0F59C2}.interpreterRelease|Any CPU.ActiveCfg = Release|Any CPU
		{20AEE5FF-C65B-4331-8648-9ED21F0F59C2}.interpreterRelease|Any CPU.Build.0 = Release|Any CPU
		{20AEE5FF-C65B-4331-8648-9ED21F0F59C3}.taskApiDebug|Any CPU.ActiveCfg = Debug|Any CPU
		{20AEE5FF-C65B-4331-8648-9ED21F0F59C3}.taskApiDebug|Any CPU.Build.0 = Debug|Any CPU
		{20AEE5FF-C65B-4331-8648-9ED21F0F59C3}.taskApiRelease|Any CPU.ActiveCfg = Release|Any CPU
		{20AEE5FF-C65B-4331-8648-9ED21F0F59C3}.taskApiRelease|Any CPU.Build.0 = Release|Any CPU
	EndGlobalSection
	GlobalSection(SolutionProperties) = preSolution
		HideSolutionNode = FALSE
	EndGlobalSection
	GlobalSection(ExtensibilityGlobals) = postSolution
		SolutionGuid = {11907919-24D5-493A-8AA0-1A237D840BD4}
	EndGlobalSection
EndGlobal
