
Microsoft Visual Studio Solution File, Format Version 12.00
# Visual Studio Version 16
VisualStudioVersion = 25.0.1700.5
MinimumVisualStudioVersion = 10.0.40219.1
Project("{FAE04EC0-301F-11D3-BF4B-00C04F79EFBC}") = "TextClassification", "TextClassification.csproj", "{084F4CCE-59AC-40D8-91AD-777609F0C375}"
EndProject
Global
	GlobalSection(SolutionConfigurationPlatforms) = preSolution
		Debug|iPhoneSimulator = Debug|iPhoneSimulator
		Release|iPhoneSimulator = Release|iPhoneSimulator
		Debug|iPhone = Debug|iPhone
		Release|iPhone = Release|iPhone
	EndGlobalSection
	GlobalSection(ProjectConfigurationPlatforms) = postSolution
		{084F4CCE-59AC-40D8-91AD-777609F0C375}.Debug|iPhoneSimulator.ActiveCfg = Debug|iPhoneSimulator
		{084F4CCE-59AC-40D8-91AD-777609F0C375}.Debug|iPhoneSimulator.Build.0 = Debug|iPhoneSimulator
		{084F4CCE-59AC-40D8-91AD-777609F0C375}.Release|iPhoneSimulator.ActiveCfg = Release|iPhoneSimulator
		{084F4CCE-59AC-40D8-91AD-777609F0C375}.Release|iPhoneSimulator.Build.0 = Release|iPhoneSimulator
		{084F4CCE-59AC-40D8-91AD-777609F0C375}.Debug|iPhone.ActiveCfg = Debug|iPhone
		{084F4CCE-59AC-40D8-91AD-777609F0C375}.Debug|iPhone.Build.0 = Debug|iPhone
		{084F4CCE-59AC-40D8-91AD-777609F0C375}.Release|iPhone.ActiveCfg = Release|iPhone
		{084F4CCE-59AC-40D8-91AD-777609F0C375}.Release|iPhone.Build.0 = Release|iPhone
	EndGlobalSection
	GlobalSection(SolutionProperties) = preSolution
		HideSolutionNode = FALSE
	EndGlobalSection
	GlobalSection(ExtensibilityGlobals) = postSolution
		SolutionGuid = {60E9CE3B-44D8-4F23-9B9F-9653F7755075}
	EndGlobalSection
EndGlobal
